
Microsoft Visual Studio Solution File, Format Version 12.00
# Visual Studio Version 16
VisualStudioVersion = 16.0.30225.117
MinimumVisualStudioVersion = 10.0.40219.1
Project("{F184B08F-C81C-45F6-A57F-5ABD9991F28F}") = "FizzBuzz", "FizzBuzz\FizzBuzz.vbproj", "{C6333F24-E980-440E-8F2A-F06864122428}"
EndProject
Global
	GlobalSection(SolutionConfigurationPlatforms) = preSolution
		Debug|Any CPU = Debug|Any CPU
		Release|Any CPU = Release|Any CPU
	EndGlobalSection
	GlobalSection(ProjectConfigurationPlatforms) = postSolution
		{C6333F24-E980-440E-8F2A-F06864122428}.Debug|Any CPU.ActiveCfg = Debug|Any CPU
		{C6333F24-E980-440E-8F2A-F06864122428}.Debug|Any CPU.Build.0 = Debug|Any CPU
		{C6333F24-E980-440E-8F2A-F06864122428}.Release|Any CPU.ActiveCfg = Release|Any CPU
		{C6333F24-E980-440E-8F2A-F06864122428}.Release|Any CPU.Build.0 = Release|Any CPU
	EndGlobalSection
	GlobalSection(SolutionProperties) = preSolution
		HideSolutionNode = FALSE
	EndGlobalSection
	GlobalSection(ExtensibilityGlobals) = postSolution
		SolutionGuid = {928A1FE8-6539-46AC-A7B5-50663765186D}
	EndGlobalSection
EndGlobal
